# auto-generated by grc.converter

id: ysf_pager_slicer_fb
label: 4-Level Slicer/DCR (YSF dep)
category: YSF

parameters:
-   id: alpha
    label: Alpha
    dtype: real
    default: 1e-6

inputs:
-   label: bb
    domain: stream
    dtype: float

outputs:
-   label: dibits
    domain: stream
    dtype: byte

templates:
    imports: from gnuradio import ysf
    make: ysf.pager_slicer_fb(${alpha})

file_format: 1
