# auto-generated by grc.converter

id: ysf_deframer_bb
label: YSF Deframer
category: YSF

parameters:
-   id: threshold
    label: Threshold
    dtype: int

inputs:
-   domain: stream
    dtype: byte
-   domain: message
    id: demux_instruction

outputs:
-   label: FICH
    domain: stream
    dtype: byte
-   label: VD1_DCH
    domain: stream
    dtype: byte
-   label: VD2_DCH
    domain: stream
    dtype: byte
-   label: VD_VCH
    domain: stream
    dtype: byte
-   label: FR_VCH
    domain: stream
    dtype: byte

templates:
    imports: from gnuradio import ysf
    make: ysf.deframer_bb(${threshold})

file_format: 1
