# auto-generated by grc.converter

id: ysf_mbelib_block_bf
label: mbelib Conversion Block
category: YSF

parameters:
-   id: codec
    label: Codec
    dtype: string
    options: [AMBE 2400, AMBE 2450, IMBE 4400]
    option_labels: [AMBE 2400, AMBE 2450, IMBE 4400]

inputs:
-   domain: stream
    dtype: byte

outputs:
-   domain: stream
    dtype: float

templates:
    imports: from gnuradio import ysf
    make: ysf.mbelib_block_bf(${codec})

file_format: 1
